
Microsoft Visual Studio Solution File, Format Version 12.00
# Visual Studio Version 17
VisualStudioVersion = 17.14.36603.0
MinimumVisualStudioVersion = 10.0.40219.1
Project("{FAE04EC0-301F-11D3-BF4B-00C04F79EFBC}") = "EasyGames.Web", "..\Akshata\src\EasyGames.Web\EasyGames.Web\EasyGames.Web.csproj", "{98EBC997-8D1D-BC10-03F5-BC2AB5911182}"
EndProject
Project("{FAE04EC0-301F-11D3-BF4B-00C04F79EFBC}") = "EasyGames.Tests", "..\Akshata\src\EasyGames.Tests\EasyGames.Tests.csproj", "{4D3E05BD-B236-2F08-ED74-A0C70BF3DCEB}"
EndProject
Global
	GlobalSection(SolutionConfigurationPlatforms) = preSolution
		Debug|Any CPU = Debug|Any CPU
		Release|Any CPU = Release|Any CPU
	EndGlobalSection
	GlobalSection(ProjectConfigurationPlatforms) = postSolution
		{98EBC997-8D1D-BC10-03F5-BC2AB5911182}.Debug|Any CPU.ActiveCfg = Debug|Any CPU
		{98EBC997-8D1D-BC10-03F5-BC2AB5911182}.Debug|Any CPU.Build.0 = Debug|Any CPU
		{98EBC997-8D1D-BC10-03F5-BC2AB5911182}.Release|Any CPU.ActiveCfg = Release|Any CPU
		{98EBC997-8D1D-BC10-03F5-BC2AB5911182}.Release|Any CPU.Build.0 = Release|Any CPU
		{4D3E05BD-B236-2F08-ED74-A0C70BF3DCEB}.Debug|Any CPU.ActiveCfg = Debug|Any CPU
		{4D3E05BD-B236-2F08-ED74-A0C70BF3DCEB}.Debug|Any CPU.Build.0 = Debug|Any CPU
		{4D3E05BD-B236-2F08-ED74-A0C70BF3DCEB}.Release|Any CPU.ActiveCfg = Release|Any CPU
		{4D3E05BD-B236-2F08-ED74-A0C70BF3DCEB}.Release|Any CPU.Build.0 = Release|Any CPU
	EndGlobalSection
	GlobalSection(SolutionProperties) = preSolution
		HideSolutionNode = FALSE
	EndGlobalSection
	GlobalSection(ExtensibilityGlobals) = postSolution
		SolutionGuid = {B19D96FD-845D-43A9-BE92-27EE7A0E633E}
	EndGlobalSection
EndGlobal
